# THIS IS AN AUTOGENERATED FILE. DO NOT EDIT THIS FILE DIRECTLY.
# yarn lockfile v1


"@types/cookie@^0.3.1":
  version "0.3.1"
  resolved "https://registry.yarnpkg.com/@types/cookie/-/cookie-0.3.1.tgz#720a756ea8e760a258708b52441bd341f1ef4296"

"@types/hoist-non-react-statics@^3.0.1":
  version "3.0.1"
  resolved "https://registry.yarnpkg.com/@types/hoist-non-react-statics/-/hoist-non-react-statics-3.0.1.tgz#dde7c53101912dae8f45a1807f9857a59ddf3919"
  dependencies:
    "@types/react" "*"

"@types/object-assign@^4.0.30":
  version "4.0.30"
  resolved "https://registry.yarnpkg.com/@types/object-assign/-/object-assign-4.0.30.tgz#8949371d5a99f4381ee0f1df0a9b7a187e07e652"

"@types/prop-types@*":
  version "15.5.5"
  resolved "https://registry.yarnpkg.com/@types/prop-types/-/prop-types-15.5.5.tgz#17038dd322c2325f5da650a94d5f9974943625e3"
  dependencies:
    "@types/react" "*"

"@types/react@*":
  version "16.4.14"
  resolved "https://registry.yarnpkg.com/@types/react/-/react-16.4.14.tgz#47c604c8e46ed674bbdf4aabf82b34b9041c6a04"
  dependencies:
    "@types/prop-types" "*"
    csstype "^2.2.0"

cookie@^0.3.1:
  version "0.3.1"
  resolved "https://registry.yarnpkg.com/cookie/-/cookie-0.3.1.tgz#e7e0a1f9ef43b4c8ba925c5c5a96e806d16873bb"

csstype@^2.2.0:
  version "2.5.7"
  resolved "https://registry.yarnpkg.com/csstype/-/csstype-2.5.7.tgz#bf9235d5872141eccfb2d16d82993c6b149179ff"

hoist-non-react-statics@^3.0.0:
  version "3.0.1"
  resolved "https://registry.yarnpkg.com/hoist-non-react-statics/-/hoist-non-react-statics-3.0.1.tgz#fba3e7df0210eb9447757ca1a7cb607162f0a364"
  dependencies:
    react-is "^16.3.2"

object-assign@^4.1.0:
  version "4.1.1"
  resolved "https://registry.yarnpkg.com/object-assign/-/object-assign-4.1.1.tgz#2109adc7965887cfc05cbbd442cac8bfbb360863"

react-cookie@^3.0.4:
  version "3.0.4"
  resolved "https://registry.yarnpkg.com/react-cookie/-/react-cookie-3.0.4.tgz#ae57db00cb5160675ce2fe06ab0962c728a6630b"
  dependencies:
    "@types/hoist-non-react-statics" "^3.0.1"
    hoist-non-react-statics "^3.0.0"
    universal-cookie "^3.0.4"

react-is@^16.3.2:
  version "16.5.2"
  resolved "https://registry.yarnpkg.com/react-is/-/react-is-16.5.2.tgz#e2a7b7c3f5d48062eb769fcb123505eb928722e3"

universal-cookie@^3.0.4:
  version "3.0.4"
  resolved "https://registry.yarnpkg.com/universal-cookie/-/universal-cookie-3.0.4.tgz#22c1a0dca6bb9e72da20d9e331d9d8f93d95e9dc"
  dependencies:
    "@types/cookie" "^0.3.1"
    "@types/object-assign" "^4.0.30"
    cookie "^0.3.1"
    object-assign "^4.1.0"
